<Solution>
  <Project Path="ZibasheERP.API/ZibasheERP.API.csproj" />
  <Project Path="ZibasheERP.Application/ZibasheERP.Application.csproj" />
  <Project Path="ZibasheERP.Domain/ZibasheERP.Domain.csproj" />
  <Project Path="ZibasheERP.Infrastructure/ZibasheERP.Infrastructure.csproj" />
  <Project Path="ZibasheERP.Shared/ZibasheERP.Shared.csproj" />
</Solution>
